
Microsoft Visual Studio Solution File, Format Version 12.00
# Visual Studio Version 17
VisualStudioVersion = 17.12.35527.113 d17.12
MinimumVisualStudioVersion = 10.0.40219.1
Project("{8BC9CEB8-8B4A-11D0-8D11-00A0C91BC942}") = "task01", "task01\task01.vcxproj", "{E394876B-785F-4F99-8D52-237D268154EB}"
EndProject
Project("{8BC9CEB8-8B4A-11D0-8D11-00A0C91BC942}") = "task02", "task02\task02.vcxproj", "{014C0064-9992-4DB7-9E82-B9BDE0CF830A}"
EndProject
Project("{8BC9CEB8-8B4A-11D0-8D11-00A0C91BC942}") = "task03", "task03\task03.vcxproj", "{8A9F9DAD-35D2-449A-947E-2F6FBC55341C}"
EndProject
Project("{8BC9CEB8-8B4A-11D0-8D11-00A0C91BC942}") = "task04", "task04\task04.vcxproj", "{C0D5E538-A8FD-44B1-9E72-2E713B106A5E}"
EndProject
Global
	GlobalSection(SolutionConfigurationPlatforms) = preSolution
		Debug|x64 = Debug|x64
		Debug|x86 = Debug|x86
		Release|x64 = Release|x64
		Release|x86 = Release|x86
	EndGlobalSection
	GlobalSection(ProjectConfigurationPlatforms) = postSolution
		{E394876B-785F-4F99-8D52-237D268154EB}.Debug|x64.ActiveCfg = Debug|x64
		{E394876B-785F-4F99-8D52-237D268154EB}.Debug|x64.Build.0 = Debug|x64
		{E394876B-785F-4F99-8D52-237D268154EB}.Debug|x86.ActiveCfg = Debug|Win32
		{E394876B-785F-4F99-8D52-237D268154EB}.Debug|x86.Build.0 = Debug|Win32
		{E394876B-785F-4F99-8D52-237D268154EB}.Release|x64.ActiveCfg = Release|x64
		{E394876B-785F-4F99-8D52-237D268154EB}.Release|x64.Build.0 = Release|x64
		{E394876B-785F-4F99-8D52-237D268154EB}.Release|x86.ActiveCfg = Release|Win32
		{E394876B-785F-4F99-8D52-237D268154EB}.Release|x86.Build.0 = Release|Win32
		{014C0064-9992-4DB7-9E82-B9BDE0CF830A}.Debug|x64.ActiveCfg = Debug|x64
		{014C0064-9992-4DB7-9E82-B9BDE0CF830A}.Debug|x64.Build.0 = Debug|x64
		{014C0064-9992-4DB7-9E82-B9BDE0CF830A}.Debug|x86.ActiveCfg = Debug|Win32
		{014C0064-9992-4DB7-9E82-B9BDE0CF830A}.Debug|x86.Build.0 = Debug|Win32
		{014C0064-9992-4DB7-9E82-B9BDE0CF830A}.Release|x64.ActiveCfg = Release|x64
		{014C0064-9992-4DB7-9E82-B9BDE0CF830A}.Release|x64.Build.0 = Release|x64
		{014C0064-9992-4DB7-9E82-B9BDE0CF830A}.Release|x86.ActiveCfg = Release|Win32
		{014C0064-9992-4DB7-9E82-B9BDE0CF830A}.Release|x86.Build.0 = Release|Win32
		{8A9F9DAD-35D2-449A-947E-2F6FBC55341C}.Debug|x64.ActiveCfg = Debug|x64
		{8A9F9DAD-35D2-449A-947E-2F6FBC55341C}.Debug|x64.Build.0 = Debug|x64
		{8A9F9DAD-35D2-449A-947E-2F6FBC55341C}.Debug|x86.ActiveCfg = Debug|Win32
		{8A9F9DAD-35D2-449A-947E-2F6FBC55341C}.Debug|x86.Build.0 = Debug|Win32
		{8A9F9DAD-35D2-449A-947E-2F6FBC55341C}.Release|x64.ActiveCfg = Release|x64
		{8A9F9DAD-35D2-449A-947E-2F6FBC55341C}.Release|x64.Build.0 = Release|x64
		{8A9F9DAD-35D2-449A-947E-2F6FBC55341C}.Release|x86.ActiveCfg = Release|Win32
		{8A9F9DAD-35D2-449A-947E-2F6FBC55341C}.Release|x86.Build.0 = Release|Win32
		{C0D5E538-A8FD-44B1-9E72-2E713B106A5E}.Debug|x64.ActiveCfg = Debug|x64
		{C0D5E538-A8FD-44B1-9E72-2E713B106A5E}.Debug|x64.Build.0 = Debug|x64
		{C0D5E538-A8FD-44B1-9E72-2E713B106A5E}.Debug|x86.ActiveCfg = Debug|Win32
		{C0D5E538-A8FD-44B1-9E72-2E713B106A5E}.Debug|x86.Build.0 = Debug|Win32
		{C0D5E538-A8FD-44B1-9E72-2E713B106A5E}.Release|x64.ActiveCfg = Release|x64
		{C0D5E538-A8FD-44B1-9E72-2E713B106A5E}.Release|x64.Build.0 = Release|x64
		{C0D5E538-A8FD-44B1-9E72-2E713B106A5E}.Release|x86.ActiveCfg = Release|Win32
		{C0D5E538-A8FD-44B1-9E72-2E713B106A5E}.Release|x86.Build.0 = Release|Win32
	EndGlobalSection
	GlobalSection(SolutionProperties) = preSolution
		HideSolutionNode = FALSE
	EndGlobalSection
EndGlobal
